
Microsoft Visual Studio Solution File, Format Version 12.00
# Visual Studio Version 16
VisualStudioVersion = 16.0.31410.357
MinimumVisualStudioVersion = 10.0.40219.1
Project("{9A19103F-16F7-4668-BE54-9A1E7A4F7556}") = "DataStructures", "DataStructures.csproj", "{08036DE6-0AC7-478F-B8EB-372E535D5DB7}"
EndProject
Project("{9A19103F-16F7-4668-BE54-9A1E7A4F7556}") = "TestDS", "..\TestDS\TestDS.csproj", "{BBF176C0-0100-4C87-BB65-098A4D8FEC69}"
EndProject
Global
	GlobalSection(SolutionConfigurationPlatforms) = preSolution
		Debug|Any CPU = Debug|Any CPU
		Release|Any CPU = Release|Any CPU
	EndGlobalSection
	GlobalSection(ProjectConfigurationPlatforms) = postSolution
		{08036DE6-0AC7-478F-B8EB-372E535D5DB7}.Debug|Any CPU.ActiveCfg = Debug|Any CPU
		{08036DE6-0AC7-478F-B8EB-372E535D5DB7}.Debug|Any CPU.Build.0 = Debug|Any CPU
		{08036DE6-0AC7-478F-B8EB-372E535D5DB7}.Release|Any CPU.ActiveCfg = Release|Any CPU
		{08036DE6-0AC7-478F-B8EB-372E535D5DB7}.Release|Any CPU.Build.0 = Release|Any CPU
		{BBF176C0-0100-4C87-BB65-098A4D8FEC69}.Debug|Any CPU.ActiveCfg = Debug|Any CPU
		{BBF176C0-0100-4C87-BB65-098A4D8FEC69}.Debug|Any CPU.Build.0 = Debug|Any CPU
		{BBF176C0-0100-4C87-BB65-098A4D8FEC69}.Release|Any CPU.ActiveCfg = Release|Any CPU
		{BBF176C0-0100-4C87-BB65-098A4D8FEC69}.Release|Any CPU.Build.0 = Release|Any CPU
	EndGlobalSection
	GlobalSection(SolutionProperties) = preSolution
		HideSolutionNode = FALSE
	EndGlobalSection
	GlobalSection(ExtensibilityGlobals) = postSolution
		SolutionGuid = {7ECBA5B7-B1D9-49AF-B0D6-78216E00F15A}
	EndGlobalSection
EndGlobal
